
Microsoft Visual Studio Solution File, Format Version 12.00
Project("{FAE04EC0-301F-11D3-BF4B-00C04F79EFBC}") = "CSVReader", "CSVReader\CSVReader.csproj", "{24C48A80-D07C-47B5-8A15-28700BFD7538}"
EndProject
Global
	GlobalSection(SolutionConfigurationPlatforms) = preSolution
		Debug|Any CPU = Debug|Any CPU
		Release|Any CPU = Release|Any CPU
	EndGlobalSection
	GlobalSection(ProjectConfigurationPlatforms) = postSolution
		{24C48A80-D07C-47B5-8A15-28700BFD7538}.Debug|Any CPU.ActiveCfg = Debug|Any CPU
		{24C48A80-D07C-47B5-8A15-28700BFD7538}.Debug|Any CPU.Build.0 = Debug|Any CPU
		{24C48A80-D07C-47B5-8A15-28700BFD7538}.Release|Any CPU.ActiveCfg = Release|Any CPU
		{24C48A80-D07C-47B5-8A15-28700BFD7538}.Release|Any CPU.Build.0 = Release|Any CPU
	EndGlobalSection
EndGlobal
